
Microsoft Visual Studio Solution File, Format Version 12.00
# Visual Studio Version 16
VisualStudioVersion = 16.0.29519.181
MinimumVisualStudioVersion = 10.0.40219.1
Project("{FAE04EC0-301F-11D3-BF4B-00C04F79EFBC}") = "AlgorytmEwolucyjny", "AlgorytmEwolucyjny.csproj", "{8258B4D8-346E-4AB4-BB48-87DC54832459}"
EndProject
Project("{FAE04EC0-301F-11D3-BF4B-00C04F79EFBC}") = "ParserLoga", "ParserLoga\ParserLoga.csproj", "{F8F31B54-EEB8-4A80-BA6A-26388FD0D809}"
EndProject
Project("{9A19103F-16F7-4668-BE54-9A1E7A4F7556}") = "Neurox.Core", "Neurox.Core\Neurox.Core.csproj", "{E6AC03B2-0CF8-42C3-8968-F14A1ADD0A8B}"
EndProject
Global
	GlobalSection(SolutionConfigurationPlatforms) = preSolution
		Debug|Any CPU = Debug|Any CPU
		Release|Any CPU = Release|Any CPU
	EndGlobalSection
	GlobalSection(ProjectConfigurationPlatforms) = postSolution
		{8258B4D8-346E-4AB4-BB48-87DC54832459}.Debug|Any CPU.ActiveCfg = Debug|Any CPU
		{8258B4D8-346E-4AB4-BB48-87DC54832459}.Debug|Any CPU.Build.0 = Debug|Any CPU
		{8258B4D8-346E-4AB4-BB48-87DC54832459}.Release|Any CPU.ActiveCfg = Release|Any CPU
		{8258B4D8-346E-4AB4-BB48-87DC54832459}.Release|Any CPU.Build.0 = Release|Any CPU
		{F8F31B54-EEB8-4A80-BA6A-26388FD0D809}.Debug|Any CPU.ActiveCfg = Debug|Any CPU
		{F8F31B54-EEB8-4A80-BA6A-26388FD0D809}.Debug|Any CPU.Build.0 = Debug|Any CPU
		{F8F31B54-EEB8-4A80-BA6A-26388FD0D809}.Release|Any CPU.ActiveCfg = Release|Any CPU
		{F8F31B54-EEB8-4A80-BA6A-26388FD0D809}.Release|Any CPU.Build.0 = Release|Any CPU
		{E6AC03B2-0CF8-42C3-8968-F14A1ADD0A8B}.Debug|Any CPU.ActiveCfg = Debug|Any CPU
		{E6AC03B2-0CF8-42C3-8968-F14A1ADD0A8B}.Debug|Any CPU.Build.0 = Debug|Any CPU
		{E6AC03B2-0CF8-42C3-8968-F14A1ADD0A8B}.Release|Any CPU.ActiveCfg = Release|Any CPU
		{E6AC03B2-0CF8-42C3-8968-F14A1ADD0A8B}.Release|Any CPU.Build.0 = Release|Any CPU
	EndGlobalSection
	GlobalSection(SolutionProperties) = preSolution
		HideSolutionNode = FALSE
	EndGlobalSection
	GlobalSection(ExtensibilityGlobals) = postSolution
		SolutionGuid = {C4B6C91C-BA33-4571-A8D3-353595A9A2C4}
	EndGlobalSection
EndGlobal
